Microsoft Visual Studio Solution File, Format Version 11.00
# Visual Studio 2008

Project("{5CDFBC0E-A6E8-5D2C-C3DD-5DDEC72FFE1A}") = "Rocks", "Assembly-CSharp-firstpass-vs.csproj", "{EC18C65C-19C4-86E5-5AA7-6878A574540D}"
EndProject
Project("{5CDFBC0E-A6E8-5D2C-C3DD-5DDEC72FFE1A}") = "Rocks", "Assembly-CSharp-vs.csproj", "{51CABB29-36C6-DCD5-4F73-0ADDA3FDF481}"
EndProject
Global
	GlobalSection(SolutionConfigurationPlatforms) = preSolution
		Debug|Any CPU = Debug|Any CPU
		Release|Any CPU = Release|Any CPU
	EndGlobalSection
	GlobalSection(ProjectConfigurationPlatforms) = postSolution
		{EC18C65C-19C4-86E5-5AA7-6878A574540D}.Debug|Any CPU.ActiveCfg = Debug|Any CPU
		{EC18C65C-19C4-86E5-5AA7-6878A574540D}.Debug|Any CPU.Build.0 = Debug|Any CPU
		{EC18C65C-19C4-86E5-5AA7-6878A574540D}.Release|Any CPU.ActiveCfg = Release|Any CPU
		{EC18C65C-19C4-86E5-5AA7-6878A574540D}.Release|Any CPU.Build.0 = Release|Any CPU
		{51CABB29-36C6-DCD5-4F73-0ADDA3FDF481}.Debug|Any CPU.ActiveCfg = Debug|Any CPU
		{51CABB29-36C6-DCD5-4F73-0ADDA3FDF481}.Debug|Any CPU.Build.0 = Debug|Any CPU
		{51CABB29-36C6-DCD5-4F73-0ADDA3FDF481}.Release|Any CPU.ActiveCfg = Release|Any CPU
		{51CABB29-36C6-DCD5-4F73-0ADDA3FDF481}.Release|Any CPU.Build.0 = Release|Any CPU
	EndGlobalSection
	GlobalSection(SolutionProperties) = preSolution
		HideSolutionNode = FALSE
	EndGlobalSection
								GlobalSection(MonoDevelopProperties) = preSolution
		StartupItem = Assembly-CSharp.csproj
		Policies = $0
		$0.TextStylePolicy = $1
		$1.inheritsSet = null
		$1.scope = text/x-csharp
		$0.CSharpFormattingPolicy = $2
		$2.inheritsSet = Mono
		$2.inheritsScope = text/x-csharp
		$2.scope = text/x-csharp
		$0.TextStylePolicy = $3
		$3.FileWidth = 120
		$3.TabWidth = 4
		$3.EolMarker = Unix
		$3.inheritsSet = Mono
		$3.inheritsScope = text/plain
		$3.scope = text/plain
	EndGlobalSection

EndGlobal
